
Microsoft Visual Studio Solution File, Format Version 12.00
# Visual Studio Version 16
VisualStudioVersion = 16.0.31025.194
MinimumVisualStudioVersion = 10.0.40219.1
Project("{FAE04EC0-301F-11D3-BF4B-00C04F79EFBC}") = "SalaryCalculatorTestProject", "SalaryCalculatorTestProject\SalaryCalculatorTestProject.csproj", "{61B7DA1A-673F-421B-8F0D-3804C339BF41}"
EndProject
Project("{FAE04EC0-301F-11D3-BF4B-00C04F79EFBC}") = "Calculator", "Calculator\Calculator.csproj", "{A43E5708-D23B-4AF5-B81B-87FBB04DEC5F}"
EndProject
Global
	GlobalSection(SolutionConfigurationPlatforms) = preSolution
		Debug|Any CPU = Debug|Any CPU
		Release|Any CPU = Release|Any CPU
	EndGlobalSection
	GlobalSection(ProjectConfigurationPlatforms) = postSolution
		{61B7DA1A-673F-421B-8F0D-3804C339BF41}.Debug|Any CPU.ActiveCfg = Debug|Any CPU
		{61B7DA1A-673F-421B-8F0D-3804C339BF41}.Debug|Any CPU.Build.0 = Debug|Any CPU
		{61B7DA1A-673F-421B-8F0D-3804C339BF41}.Release|Any CPU.ActiveCfg = Release|Any CPU
		{61B7DA1A-673F-421B-8F0D-3804C339BF41}.Release|Any CPU.Build.0 = Release|Any CPU
		{A43E5708-D23B-4AF5-B81B-87FBB04DEC5F}.Debug|Any CPU.ActiveCfg = Debug|Any CPU
		{A43E5708-D23B-4AF5-B81B-87FBB04DEC5F}.Debug|Any CPU.Build.0 = Debug|Any CPU
		{A43E5708-D23B-4AF5-B81B-87FBB04DEC5F}.Release|Any CPU.ActiveCfg = Release|Any CPU
		{A43E5708-D23B-4AF5-B81B-87FBB04DEC5F}.Release|Any CPU.Build.0 = Release|Any CPU
	EndGlobalSection
	GlobalSection(SolutionProperties) = preSolution
		HideSolutionNode = FALSE
	EndGlobalSection
	GlobalSection(ExtensibilityGlobals) = postSolution
		SolutionGuid = {7BCF563B-6C7D-4251-88E5-4F279AC77274}
	EndGlobalSection
EndGlobal
