
Microsoft Visual Studio Solution File, Format Version 12.00
# Visual Studio Version 16
VisualStudioVersion = 16.0.30907.101
MinimumVisualStudioVersion = 10.0.40219.1
Project("{FAE04EC0-301F-11D3-BF4B-00C04F79EFBC}") = "Non_Primitive_Types", "Non_Primitive_Types\Non_Primitive_Types.csproj", "{6A5C244E-3D31-49C3-BDD5-6B04036BA351}"
EndProject
Project("{FAE04EC0-301F-11D3-BF4B-00C04F79EFBC}") = "Classes", "Classes\Classes.csproj", "{A30C53FF-167E-42D9-9E52-A09FC93FCE07}"
EndProject
Global
	GlobalSection(SolutionConfigurationPlatforms) = preSolution
		Debug|Any CPU = Debug|Any CPU
		Release|Any CPU = Release|Any CPU
	EndGlobalSection
	GlobalSection(ProjectConfigurationPlatforms) = postSolution
		{6A5C244E-3D31-49C3-BDD5-6B04036BA351}.Debug|Any CPU.ActiveCfg = Debug|Any CPU
		{6A5C244E-3D31-49C3-BDD5-6B04036BA351}.Debug|Any CPU.Build.0 = Debug|Any CPU
		{6A5C244E-3D31-49C3-BDD5-6B04036BA351}.Release|Any CPU.ActiveCfg = Release|Any CPU
		{6A5C244E-3D31-49C3-BDD5-6B04036BA351}.Release|Any CPU.Build.0 = Release|Any CPU
		{A30C53FF-167E-42D9-9E52-A09FC93FCE07}.Debug|Any CPU.ActiveCfg = Debug|Any CPU
		{A30C53FF-167E-42D9-9E52-A09FC93FCE07}.Debug|Any CPU.Build.0 = Debug|Any CPU
		{A30C53FF-167E-42D9-9E52-A09FC93FCE07}.Release|Any CPU.ActiveCfg = Release|Any CPU
		{A30C53FF-167E-42D9-9E52-A09FC93FCE07}.Release|Any CPU.Build.0 = Release|Any CPU
	EndGlobalSection
	GlobalSection(SolutionProperties) = preSolution
		HideSolutionNode = FALSE
	EndGlobalSection
	GlobalSection(ExtensibilityGlobals) = postSolution
		SolutionGuid = {969BE634-FC50-42CE-ACD4-532BA3991A26}
	EndGlobalSection
EndGlobal
