
Microsoft Visual Studio Solution File, Format Version 12.00
# Visual Studio Version 16
VisualStudioVersion = 16.0.30907.101
MinimumVisualStudioVersion = 10.0.40219.1
Project("{9A19103F-16F7-4668-BE54-9A1E7A4F7556}") = "DescendingOrder", "DescendingOrder\DescendingOrder.csproj", "{D751C37E-735F-4F08-B5CB-5265BE3960CA}"
EndProject
Project("{9A19103F-16F7-4668-BE54-9A1E7A4F7556}") = "String_Ends_With", "String_Ends_With\String_Ends_With.csproj", "{3B8AD3A4-5BF9-4FDA-9C8C-77FCB19D5CC7}"
EndProject
Project("{9A19103F-16F7-4668-BE54-9A1E7A4F7556}") = "PreFizz", "PreFizz\PreFizz.csproj", "{B3289F42-BAC8-4BDB-BF4E-60D879184286}"
EndProject
Project("{9A19103F-16F7-4668-BE54-9A1E7A4F7556}") = "GetSum", "GetSum\GetSum.csproj", "{361701FB-F2C6-46FE-BBA8-30F139E57E90}"
EndProject
Project("{9A19103F-16F7-4668-BE54-9A1E7A4F7556}") = "isIsogram", "isIsogram\isIsogram.csproj", "{6D8138DF-4F38-4E3C-B072-74FB986DF418}"
EndProject
Project("{9A19103F-16F7-4668-BE54-9A1E7A4F7556}") = "breakCamel", "breakCamelCase\breakCamel.csproj", "{F13CF398-3D03-4BFA-9032-D6C2AC387CC7}"
EndProject
Project("{9A19103F-16F7-4668-BE54-9A1E7A4F7556}") = "Reverse_Words", "Reverse_Words\Reverse_Words.csproj", "{50B361B5-1E8C-4712-9EFC-8EC383170601}"
EndProject
Project("{9A19103F-16F7-4668-BE54-9A1E7A4F7556}") = "Facebook_Likes", "Facebook_Likes\Facebook_Likes.csproj", "{985A8601-0E85-42EF-8D68-BE9776C14510}"
EndProject
Project("{9A19103F-16F7-4668-BE54-9A1E7A4F7556}") = "stringToCamelOrPascal", "stringToCamelOrPascal\stringToCamelOrPascal.csproj", "{C8DBBE5B-8728-4D6B-A6F2-0E2667F690F5}"
EndProject
Project("{9A19103F-16F7-4668-BE54-9A1E7A4F7556}") = "Count_Str_Chars", "Count_Str_Chars\Count_Str_Chars.csproj", "{AB7562C4-E38F-43B7-BAD2-2A2F1E833EF8}"
EndProject
Project("{FAE04EC0-301F-11D3-BF4B-00C04F79EFBC}") = "DescendingOrderTestProj", "DescendingOrderTestProj\DescendingOrderTestProj.csproj", "{1586BEB7-D521-4A38-8C54-57B4C2F33799}"
EndProject
Global
	GlobalSection(SolutionConfigurationPlatforms) = preSolution
		Debug|Any CPU = Debug|Any CPU
		Release|Any CPU = Release|Any CPU
	EndGlobalSection
	GlobalSection(ProjectConfigurationPlatforms) = postSolution
		{D751C37E-735F-4F08-B5CB-5265BE3960CA}.Debug|Any CPU.ActiveCfg = Debug|Any CPU
		{D751C37E-735F-4F08-B5CB-5265BE3960CA}.Debug|Any CPU.Build.0 = Debug|Any CPU
		{D751C37E-735F-4F08-B5CB-5265BE3960CA}.Release|Any CPU.ActiveCfg = Release|Any CPU
		{D751C37E-735F-4F08-B5CB-5265BE3960CA}.Release|Any CPU.Build.0 = Release|Any CPU
		{3B8AD3A4-5BF9-4FDA-9C8C-77FCB19D5CC7}.Debug|Any CPU.ActiveCfg = Debug|Any CPU
		{3B8AD3A4-5BF9-4FDA-9C8C-77FCB19D5CC7}.Debug|Any CPU.Build.0 = Debug|Any CPU
		{3B8AD3A4-5BF9-4FDA-9C8C-77FCB19D5CC7}.Release|Any CPU.ActiveCfg = Release|Any CPU
		{3B8AD3A4-5BF9-4FDA-9C8C-77FCB19D5CC7}.Release|Any CPU.Build.0 = Release|Any CPU
		{B3289F42-BAC8-4BDB-BF4E-60D879184286}.Debug|Any CPU.ActiveCfg = Debug|Any CPU
		{B3289F42-BAC8-4BDB-BF4E-60D879184286}.Debug|Any CPU.Build.0 = Debug|Any CPU
		{B3289F42-BAC8-4BDB-BF4E-60D879184286}.Release|Any CPU.ActiveCfg = Release|Any CPU
		{B3289F42-BAC8-4BDB-BF4E-60D879184286}.Release|Any CPU.Build.0 = Release|Any CPU
		{361701FB-F2C6-46FE-BBA8-30F139E57E90}.Debug|Any CPU.ActiveCfg = Debug|Any CPU
		{361701FB-F2C6-46FE-BBA8-30F139E57E90}.Debug|Any CPU.Build.0 = Debug|Any CPU
		{361701FB-F2C6-46FE-BBA8-30F139E57E90}.Release|Any CPU.ActiveCfg = Release|Any CPU
		{361701FB-F2C6-46FE-BBA8-30F139E57E90}.Release|Any CPU.Build.0 = Release|Any CPU
		{6D8138DF-4F38-4E3C-B072-74FB986DF418}.Debug|Any CPU.ActiveCfg = Debug|Any CPU
		{6D8138DF-4F38-4E3C-B072-74FB986DF418}.Debug|Any CPU.Build.0 = Debug|Any CPU
		{6D8138DF-4F38-4E3C-B072-74FB986DF418}.Release|Any CPU.ActiveCfg = Release|Any CPU
		{6D8138DF-4F38-4E3C-B072-74FB986DF418}.Release|Any CPU.Build.0 = Release|Any CPU
		{F13CF398-3D03-4BFA-9032-D6C2AC387CC7}.Debug|Any CPU.ActiveCfg = Debug|Any CPU
		{F13CF398-3D03-4BFA-9032-D6C2AC387CC7}.Debug|Any CPU.Build.0 = Debug|Any CPU
		{F13CF398-3D03-4BFA-9032-D6C2AC387CC7}.Release|Any CPU.ActiveCfg = Release|Any CPU
		{F13CF398-3D03-4BFA-9032-D6C2AC387CC7}.Release|Any CPU.Build.0 = Release|Any CPU
		{50B361B5-1E8C-4712-9EFC-8EC383170601}.Debug|Any CPU.ActiveCfg = Debug|Any CPU
		{50B361B5-1E8C-4712-9EFC-8EC383170601}.Debug|Any CPU.Build.0 = Debug|Any CPU
		{50B361B5-1E8C-4712-9EFC-8EC383170601}.Release|Any CPU.ActiveCfg = Release|Any CPU
		{50B361B5-1E8C-4712-9EFC-8EC383170601}.Release|Any CPU.Build.0 = Release|Any CPU
		{985A8601-0E85-42EF-8D68-BE9776C14510}.Debug|Any CPU.ActiveCfg = Debug|Any CPU
		{985A8601-0E85-42EF-8D68-BE9776C14510}.Debug|Any CPU.Build.0 = Debug|Any CPU
		{985A8601-0E85-42EF-8D68-BE9776C14510}.Release|Any CPU.ActiveCfg = Release|Any CPU
		{985A8601-0E85-42EF-8D68-BE9776C14510}.Release|Any CPU.Build.0 = Release|Any CPU
		{C8DBBE5B-8728-4D6B-A6F2-0E2667F690F5}.Debug|Any CPU.ActiveCfg = Debug|Any CPU
		{C8DBBE5B-8728-4D6B-A6F2-0E2667F690F5}.Debug|Any CPU.Build.0 = Debug|Any CPU
		{C8DBBE5B-8728-4D6B-A6F2-0E2667F690F5}.Release|Any CPU.ActiveCfg = Release|Any CPU
		{C8DBBE5B-8728-4D6B-A6F2-0E2667F690F5}.Release|Any CPU.Build.0 = Release|Any CPU
		{AB7562C4-E38F-43B7-BAD2-2A2F1E833EF8}.Debug|Any CPU.ActiveCfg = Debug|Any CPU
		{AB7562C4-E38F-43B7-BAD2-2A2F1E833EF8}.Debug|Any CPU.Build.0 = Debug|Any CPU
		{AB7562C4-E38F-43B7-BAD2-2A2F1E833EF8}.Release|Any CPU.ActiveCfg = Release|Any CPU
		{AB7562C4-E38F-43B7-BAD2-2A2F1E833EF8}.Release|Any CPU.Build.0 = Release|Any CPU
		{1586BEB7-D521-4A38-8C54-57B4C2F33799}.Debug|Any CPU.ActiveCfg = Debug|Any CPU
		{1586BEB7-D521-4A38-8C54-57B4C2F33799}.Debug|Any CPU.Build.0 = Debug|Any CPU
		{1586BEB7-D521-4A38-8C54-57B4C2F33799}.Release|Any CPU.ActiveCfg = Release|Any CPU
		{1586BEB7-D521-4A38-8C54-57B4C2F33799}.Release|Any CPU.Build.0 = Release|Any CPU
	EndGlobalSection
	GlobalSection(SolutionProperties) = preSolution
		HideSolutionNode = FALSE
	EndGlobalSection
	GlobalSection(ExtensibilityGlobals) = postSolution
		SolutionGuid = {6B318CF0-21EB-4A20-8BD0-75CCA5863E33}
	EndGlobalSection
EndGlobal
